
Microsoft Visual Studio Solution File, Format Version 12.00
# Visual Studio Version 16
VisualStudioVersion = 16.0.31624.102
MinimumVisualStudioVersion = 10.0.40219.1
Project("{FAE04EC0-301F-11D3-BF4B-00C04F79EFBC}") = "lab2_abhikadiya", "lab2_abhikadiya.csproj", "{038A7798-2016-4179-B61E-067069849057}"
EndProject
Global
	GlobalSection(SolutionConfigurationPlatforms) = preSolution
		Debug|Any CPU = Debug|Any CPU
		Release|Any CPU = Release|Any CPU
	EndGlobalSection
	GlobalSection(ProjectConfigurationPlatforms) = postSolution
		{038A7798-2016-4179-B61E-067069849057}.Debug|Any CPU.ActiveCfg = Debug|Any CPU
		{038A7798-2016-4179-B61E-067069849057}.Debug|Any CPU.Build.0 = Debug|Any CPU
		{038A7798-2016-4179-B61E-067069849057}.Release|Any CPU.ActiveCfg = Release|Any CPU
		{038A7798-2016-4179-B61E-067069849057}.Release|Any CPU.Build.0 = Release|Any CPU
	EndGlobalSection
	GlobalSection(SolutionProperties) = preSolution
		HideSolutionNode = FALSE
	EndGlobalSection
	GlobalSection(ExtensibilityGlobals) = postSolution
		SolutionGuid = {A81F008B-9D61-4551-8749-01AE82B2B34B}
	EndGlobalSection
EndGlobal
